
Microsoft Visual Studio Solution File, Format Version 10.00
# Visual Studio 2008
Project("{8BC9CEB8-8B4A-11D0-8D11-00A0C91BC942}") = "UseEventHandlingWithDeviceHandle", "UseEventHandlingWithDeviceHandle\UseEventHandlingWithDeviceHandle.vcproj", "{37634832-BED2-4553-BE7E-40EC3146C28E}"
EndProject
Project("{8BC9CEB8-8B4A-11D0-8D11-00A0C91BC942}") = "UseEventHandlingWithDeviceKey", "UseEventHandlingWithDeviceKey\UseEventHandlingWithDeviceKey.vcproj", "{8EBC24F5-DA2B-47C0-BE2B-6AD5F2CA9AC2}"
EndProject
Global
	GlobalSection(SolutionConfigurationPlatforms) = preSolution
		Debug|Win32 = Debug|Win32
		Debug|x64 = Debug|x64
		Release|Win32 = Release|Win32
		Release|x64 = Release|x64
	EndGlobalSection
	GlobalSection(ProjectConfigurationPlatforms) = postSolution
		{37634832-BED2-4553-BE7E-40EC3146C28E}.Debug|Win32.ActiveCfg = Debug|Win32
		{37634832-BED2-4553-BE7E-40EC3146C28E}.Debug|Win32.Build.0 = Debug|Win32
		{37634832-BED2-4553-BE7E-40EC3146C28E}.Debug|x64.ActiveCfg = Debug|x64
		{37634832-BED2-4553-BE7E-40EC3146C28E}.Debug|x64.Build.0 = Debug|x64
		{37634832-BED2-4553-BE7E-40EC3146C28E}.Release|Win32.ActiveCfg = Release|Win32
		{37634832-BED2-4553-BE7E-40EC3146C28E}.Release|Win32.Build.0 = Release|Win32
		{37634832-BED2-4553-BE7E-40EC3146C28E}.Release|x64.ActiveCfg = Release|x64
		{37634832-BED2-4553-BE7E-40EC3146C28E}.Release|x64.Build.0 = Release|x64
		{8EBC24F5-DA2B-47C0-BE2B-6AD5F2CA9AC2}.Debug|Win32.ActiveCfg = Debug|Win32
		{8EBC24F5-DA2B-47C0-BE2B-6AD5F2CA9AC2}.Debug|Win32.Build.0 = Debug|Win32
		{8EBC24F5-DA2B-47C0-BE2B-6AD5F2CA9AC2}.Debug|x64.ActiveCfg = Debug|x64
		{8EBC24F5-DA2B-47C0-BE2B-6AD5F2CA9AC2}.Debug|x64.Build.0 = Debug|x64
		{8EBC24F5-DA2B-47C0-BE2B-6AD5F2CA9AC2}.Release|Win32.ActiveCfg = Release|Win32
		{8EBC24F5-DA2B-47C0-BE2B-6AD5F2CA9AC2}.Release|Win32.Build.0 = Release|Win32
		{8EBC24F5-DA2B-47C0-BE2B-6AD5F2CA9AC2}.Release|x64.ActiveCfg = Release|x64
		{8EBC24F5-DA2B-47C0-BE2B-6AD5F2CA9AC2}.Release|x64.Build.0 = Release|x64
	EndGlobalSection
	GlobalSection(SolutionProperties) = preSolution
		HideSolutionNode = FALSE
	EndGlobalSection
EndGlobal
